// !$*UTF8*$!
{
	archiveVersion = 1;
	classes = {
	};
	objectVersion = 55;
	objects = {

/* Begin PBXBuildFile section */
		BE53BE8E285998EC007B43E4 /* CustomButtonForTraining.swift in Sources */ = {isa = PBXBuildFile; fileRef = BE53BE8D285998EC007B43E4 /* CustomButtonForTraining.swift */; };
		BECE6E382856FF0B00D5A0A6 /* AppDelegate.swift in Sources */ = {isa = PBXBuildFile; fileRef = BECE6E372856FF0B00D5A0A6 /* AppDelegate.swift */; };
		BECE6E3C2856FF0B00D5A0A6 /* SignUpViewController.swift in Sources */ = {isa = PBXBuildFile; fileRef = BECE6E3B2856FF0B00D5A0A6 /* SignUpViewController.swift */; };
		BECE6E422856FF0B00D5A0A6 /* WordsFactory.xcdatamodeld in Sources */ = {isa = PBXBuildFile; fileRef = BECE6E402856FF0B00D5A0A6 /* WordsFactory.xcdatamodeld */; };
		BECE6E442856FF0D00D5A0A6 /* Assets.xcassets in Resources */ = {isa = PBXBuildFile; fileRef = BECE6E432856FF0D00D5A0A6 /* Assets.xcassets */; };
		BECE6E472856FF0D00D5A0A6 /* LaunchScreen.storyboard in Resources */ = {isa = PBXBuildFile; fileRef = BECE6E452856FF0D00D5A0A6 /* LaunchScreen.storyboard */; };
		BECE6E502857024500D5A0A6 /* SnapKit in Frameworks */ = {isa = PBXBuildFile; productRef = BECE6E4F2857024500D5A0A6 /* SnapKit */; };
		BECE6E532857028000D5A0A6 /* Alamofire in Frameworks */ = {isa = PBXBuildFile; productRef = BECE6E522857028000D5A0A6 /* Alamofire */; };
		BECE6E5C2857039700D5A0A6 /* Rubik-Medium.ttf in Resources */ = {isa = PBXBuildFile; fileRef = BECE6E552857039600D5A0A6 /* Rubik-Medium.ttf */; };
		BECE6E5D2857039700D5A0A6 /* Rubik-Bold.ttf in Resources */ = {isa = PBXBuildFile; fileRef = BECE6E562857039600D5A0A6 /* Rubik-Bold.ttf */; };
		BECE6E602857039700D5A0A6 /* Rubik-Regular.ttf in Resources */ = {isa = PBXBuildFile; fileRef = BECE6E592857039600D5A0A6 /* Rubik-Regular.ttf */; };
		BECE6E652857071600D5A0A6 /* Extension.swift in Sources */ = {isa = PBXBuildFile; fileRef = BECE6E642857071600D5A0A6 /* Extension.swift */; };
		BECE6E6A285720F600D5A0A6 /* CustomButton.swift in Sources */ = {isa = PBXBuildFile; fileRef = BECE6E69285720F600D5A0A6 /* CustomButton.swift */; };
/* End PBXBuildFile section */

/* Begin PBXFileReference section */
		BE53BE8D285998EC007B43E4 /* CustomButtonForTraining.swift */ = {isa = PBXFileReference; fileEncoding = 4; lastKnownFileType = sourcecode.swift; path = CustomButtonForTraining.swift; sourceTree = "<group>"; };
		BECE6E342856FF0B00D5A0A6 /* WordsFactory.app */ = {isa = PBXFileReference; explicitFileType = wrapper.application; includeInIndex = 0; path = WordsFactory.app; sourceTree = BUILT_PRODUCTS_DIR; };
		BECE6E372856FF0B00D5A0A6 /* AppDelegate.swift */ = {isa = PBXFileReference; lastKnownFileType = sourcecode.swift; path = AppDelegate.swift; sourceTree = "<group>"; };
		BECE6E3B2856FF0B00D5A0A6 /* SignUpViewController.swift */ = {isa = PBXFileReference; lastKnownFileType = sourcecode.swift; path = SignUpViewController.swift; sourceTree = "<group>"; };
		BECE6E412856FF0B00D5A0A6 /* WordsFactory.xcdatamodel */ = {isa = PBXFileReference; lastKnownFileType = wrapper.xcdatamodel; path = WordsFactory.xcdatamodel; sourceTree = "<group>"; };
		BECE6E432856FF0D00D5A0A6 /* Assets.xcassets */ = {isa = PBXFileReference; lastKnownFileType = folder.assetcatalog; path = Assets.xcassets; sourceTree = "<group>"; };
		BECE6E462856FF0D00D5A0A6 /* Base */ = {isa = PBXFileReference; lastKnownFileType = file.storyboard; name = Base; path = Base.lproj/LaunchScreen.storyboard; sourceTree = "<group>"; };
		BECE6E482856FF0D00D5A0A6 /* Info.plist */ = {isa = PBXFileReference; lastKnownFileType = text.plist.xml; path = Info.plist; sourceTree = "<group>"; };
		BECE6E552857039600D5A0A6 /* Rubik-Medium.ttf */ = {isa = PBXFileReference; lastKnownFileType = file; name = "Rubik-Medium.ttf"; path = "../../../../../Downloads/Rubik-2/static/Rubik-Medium.ttf"; sourceTree = "<group>"; };
		BECE6E562857039600D5A0A6 /* Rubik-Bold.ttf */ = {isa = PBXFileReference; lastKnownFileType = file; name = "Rubik-Bold.ttf"; path = "../../../../../Downloads/Rubik-2/static/Rubik-Bold.ttf"; sourceTree = "<group>"; };
		BECE6E592857039600D5A0A6 /* Rubik-Regular.ttf */ = {isa = PBXFileReference; lastKnownFileType = file; name = "Rubik-Regular.ttf"; path = "../../../../../Downloads/Rubik-2/static/Rubik-Regular.ttf"; sourceTree = "<group>"; };
		BECE6E642857071600D5A0A6 /* Extension.swift */ = {isa = PBXFileReference; lastKnownFileType = sourcecode.swift; path = Extension.swift; sourceTree = "<group>"; };
		BECE6E69285720F600D5A0A6 /* CustomButton.swift */ = {isa = PBXFileReference; lastKnownFileType = sourcecode.swift; path = CustomButton.swift; sourceTree = "<group>"; };
/* End PBXFileReference section */

/* Begin PBXFrameworksBuildPhase section */
		BECE6E312856FF0B00D5A0A6 /* Frameworks */ = {
			isa = PBXFrameworksBuildPhase;
			buildActionMask = 2147483647;
			files = (
				BECE6E502857024500D5A0A6 /* SnapKit in Frameworks */,
				BECE6E532857028000D5A0A6 /* Alamofire in Frameworks */,
			);
			runOnlyForDeploymentPostprocessing = 0;
		};
/* End PBXFrameworksBuildPhase section */

/* Begin PBXGroup section */
		BECE6E2B2856FF0B00D5A0A6 = {
			isa = PBXGroup;
			children = (
				BECE6E362856FF0B00D5A0A6 /* WordsFactory */,
				BECE6E352856FF0B00D5A0A6 /* Products */,
			);
			sourceTree = "<group>";
		};
		BECE6E352856FF0B00D5A0A6 /* Products */ = {
			isa = PBXGroup;
			children = (
				BECE6E342856FF0B00D5A0A6 /* WordsFactory.app */,
			);
			name = Products;
			sourceTree = "<group>";
		};
		BECE6E362856FF0B00D5A0A6 /* WordsFactory */ = {
			isa = PBXGroup;
			children = (
				BECE6E63285706FC00D5A0A6 /* Support */,
				BECE6E372856FF0B00D5A0A6 /* AppDelegate.swift */,
				BECE6E3B2856FF0B00D5A0A6 /* SignUpViewController.swift */,
				BECE6E542857034400D5A0A6 /* Fonts */,
				BECE6E432856FF0D00D5A0A6 /* Assets.xcassets */,
				BECE6E452856FF0D00D5A0A6 /* LaunchScreen.storyboard */,
				BECE6E482856FF0D00D5A0A6 /* Info.plist */,
				BECE6E402856FF0B00D5A0A6 /* WordsFactory.xcdatamodeld */,
			);
			path = WordsFactory;
			sourceTree = "<group>";
		};
		BECE6E542857034400D5A0A6 /* Fonts */ = {
			isa = PBXGroup;
			children = (
				BECE6E562857039600D5A0A6 /* Rubik-Bold.ttf */,
				BECE6E552857039600D5A0A6 /* Rubik-Medium.ttf */,
				BECE6E592857039600D5A0A6 /* Rubik-Regular.ttf */,
			);
			path = Fonts;
			sourceTree = "<group>";
		};
		BECE6E63285706FC00D5A0A6 /* Support */ = {
			isa = PBXGroup;
			children = (
				BECE6E66285714DC00D5A0A6 /* Subviews */,
				BECE6E642857071600D5A0A6 /* Extension.swift */,
			);
			path = Support;
			sourceTree = "<group>";
		};
		BECE6E66285714DC00D5A0A6 /* Subviews */ = {
			isa = PBXGroup;
			children = (
				BE53BE8D285998EC007B43E4 /* CustomButtonForTraining.swift */,
				BECE6E69285720F600D5A0A6 /* CustomButton.swift */,
			);
			path = Subviews;
			sourceTree = "<group>";
		};
/* End PBXGroup section */

/* Begin PBXNativeTarget section */
		BECE6E332856FF0B00D5A0A6 /* WordsFactory */ = {
			isa = PBXNativeTarget;
			buildConfigurationList = BECE6E4B2856FF0D00D5A0A6 /* Build configuration list for PBXNativeTarget "WordsFactory" */;
			buildPhases = (
				BECE6E302856FF0B00D5A0A6 /* Sources */,
				BECE6E312856FF0B00D5A0A6 /* Frameworks */,
				BECE6E322856FF0B00D5A0A6 /* Resources */,
			);
			buildRules = (
			);
			dependencies = (
			);
			name = WordsFactory;
			packageProductDependencies = (
				BECE6E4F2857024500D5A0A6 /* SnapKit */,
				BECE6E522857028000D5A0A6 /* Alamofire */,
			);
			productName = WordsFactory;
			productReference = BECE6E342856FF0B00D5A0A6 /* WordsFactory.app */;
			productType = "com.apple.product-type.application";
		};
/* End PBXNativeTarget section */

/* Begin PBXProject section */
		BECE6E2C2856FF0B00D5A0A6 /* Project object */ = {
			isa = PBXProject;
			attributes = {
				BuildIndependentTargetsInParallel = 1;
				LastSwiftUpdateCheck = 1320;
				LastUpgradeCheck = 1320;
				TargetAttributes = {
					BECE6E332856FF0B00D5A0A6 = {
						CreatedOnToolsVersion = 13.2.1;
					};
				};
			};
			buildConfigurationList = BECE6E2F2856FF0B00D5A0A6 /* Build configuration list for PBXProject "WordsFactory" */;
			compatibilityVersion = "Xcode 13.0";
			developmentRegion = en;
			hasScannedForEncodings = 0;
			knownRegions = (
				en,
				Base,
			);
			mainGroup = BECE6E2B2856FF0B00D5A0A6;
			packageReferences = (
				BECE6E4E2857024500D5A0A6 /* XCRemoteSwiftPackageReference "SnapKit" */,
				BECE6E512857028000D5A0A6 /* XCRemoteSwiftPackageReference "Alamofire" */,
			);
			productRefGroup = BECE6E352856FF0B00D5A0A6 /* Products */;
			projectDirPath = "";
			projectRoot = "";
			targets = (
				BECE6E332856FF0B00D5A0A6 /* WordsFactory */,
			);
		};
/* End PBXProject section */

/* Begin PBXResourcesBuildPhase section */
		BECE6E322856FF0B00D5A0A6 /* Resources */ = {
			isa = PBXResourcesBuildPhase;
			buildActionMask = 2147483647;
			files = (
				BECE6E5C2857039700D5A0A6 /* Rubik-Medium.ttf in Resources */,
				BECE6E602857039700D5A0A6 /* Rubik-Regular.ttf in Resources */,
				BECE6E5D2857039700D5A0A6 /* Rubik-Bold.ttf in Resources */,
				BECE6E472856FF0D00D5A0A6 /* LaunchScreen.storyboard in Resources */,
				BECE6E442856FF0D00D5A0A6 /* Assets.xcassets in Resources */,
			);
			runOnlyForDeploymentPostprocessing = 0;
		};
/* End PBXResourcesBuildPhase section */

/* Begin PBXSourcesBuildPhase section */
		BECE6E302856FF0B00D5A0A6 /* Sources */ = {
			isa = PBXSourcesBuildPhase;
			buildActionMask = 2147483647;
			files = (
				BECE6E422856FF0B00D5A0A6 /* WordsFactory.xcdatamodeld in Sources */,
				BECE6E3C2856FF0B00D5A0A6 /* SignUpViewController.swift in Sources */,
				BECE6E382856FF0B00D5A0A6 /* AppDelegate.swift in Sources */,
				BECE6E652857071600D5A0A6 /* Extension.swift in Sources */,
				BE53BE8E285998EC007B43E4 /* CustomButtonForTraining.swift in Sources */,
				BECE6E6A285720F600D5A0A6 /* CustomButton.swift in Sources */,
			);
			runOnlyForDeploymentPostprocessing = 0;
		};
/* End PBXSourcesBuildPhase section */

/* Begin PBXVariantGroup section */
		BECE6E452856FF0D00D5A0A6 /* LaunchScreen.storyboard */ = {
			isa = PBXVariantGroup;
			children = (
				BECE6E462856FF0D00D5A0A6 /* Base */,
			);
			name = LaunchScreen.storyboard;
			sourceTree = "<group>";
		};
/* End PBXVariantGroup section */

/* Begin XCBuildConfiguration section */
		BECE6E492856FF0D00D5A0A6 /* Debug */ = {
			isa = XCBuildConfiguration;
			buildSettings = {
				ALWAYS_SEARCH_USER_PATHS = NO;
				CLANG_ANALYZER_NONNULL = YES;
				CLANG_ANALYZER_NUMBER_OBJECT_CONVERSION = YES_AGGRESSIVE;
				CLANG_CXX_LANGUAGE_STANDARD = "gnu++17";
				CLANG_CXX_LIBRARY = "libc++";
				CLANG_ENABLE_MODULES = YES;
				CLANG_ENABLE_OBJC_ARC = YES;
				CLANG_ENABLE_OBJC_WEAK = YES;
				CLANG_WARN_BLOCK_CAPTURE_AUTORELEASING = YES;
				CLANG_WARN_BOOL_CONVERSION = YES;
				CLANG_WARN_COMMA = YES;
				CLANG_WARN_CONSTANT_CONVERSION = YES;
				CLANG_WARN_DEPRECATED_OBJC_IMPLEMENTATIONS = YES;
				CLANG_WARN_DIRECT_OBJC_ISA_USAGE = YES_ERROR;
				CLANG_WARN_DOCUMENTATION_COMMENTS = YES;
				CLANG_WARN_EMPTY_BODY = YES;
				CLANG_WARN_ENUM_CONVERSION = YES;
				CLANG_WARN_INFINITE_RECURSION = YES;
				CLANG_WARN_INT_CONVERSION = YES;
				CLANG_WARN_NON_LITERAL_NULL_CONVERSION = YES;
				CLANG_WARN_OBJC_IMPLICIT_RETAIN_SELF = YES;
				CLANG_WARN_OBJC_LITERAL_CONVERSION = YES;
				CLANG_WARN_OBJC_ROOT_CLASS = YES_ERROR;
				CLANG_WARN_QUOTED_INCLUDE_IN_FRAMEWORK_HEADER = YES;
				CLANG_WARN_RANGE_LOOP_ANALYSIS = YES;
				CLANG_WARN_STRICT_PROTOTYPES = YES;
				CLANG_WARN_SUSPICIOUS_MOVE = YES;
				CLANG_WARN_UNGUARDED_AVAILABILITY = YES_AGGRESSIVE;
				CLANG_WARN_UNREACHABLE_CODE = YES;
				CLANG_WARN__DUPLICATE_METHOD_MATCH = YES;
				COPY_PHASE_STRIP = NO;
				DEBUG_INFORMATION_FORMAT = dwarf;
				ENABLE_STRICT_OBJC_MSGSEND = YES;
				ENABLE_TESTABILITY = YES;
				GCC_C_LANGUAGE_STANDARD = gnu11;
				GCC_DYNAMIC_NO_PIC = NO;
				GCC_NO_COMMON_BLOCKS = YES;
				GCC_OPTIMIZATION_LEVEL = 0;
				GCC_PREPROCESSOR_DEFINITIONS = (
					"DEBUG=1",
					"$(inherited)",
				);
				GCC_WARN_64_TO_32_BIT_CONVERSION = YES;
				GCC_WARN_ABOUT_RETURN_TYPE = YES_ERROR;
				GCC_WARN_UNDECLARED_SELECTOR = YES;
				GCC_WARN_UNINITIALIZED_AUTOS = YES_AGGRESSIVE;
				GCC_WARN_UNUSED_FUNCTION = YES;
				GCC_WARN_UNUSED_VARIABLE = YES;
				IPHONEOS_DEPLOYMENT_TARGET = 12.0;
				MTL_ENABLE_DEBUG_INFO = INCLUDE_SOURCE;
				MTL_FAST_MATH = YES;
				ONLY_ACTIVE_ARCH = YES;
				SDKROOT = iphoneos;
				SWIFT_ACTIVE_COMPILATION_CONDITIONS = DEBUG;
				SWIFT_OPTIMIZATION_LEVEL = "-Onone";
			};
			name = Debug;
		};
		BECE6E4A2856FF0D00D5A0A6 /* Release */ = {
			isa = XCBuildConfiguration;
			buildSettings = {
				ALWAYS_SEARCH_USER_PATHS = NO;
				CLANG_ANALYZER_NONNULL = YES;
				CLANG_ANALYZER_NUMBER_OBJECT_CONVERSION = YES_AGGRESSIVE;
				CLANG_CXX_LANGUAGE_STANDARD = "gnu++17";
				CLANG_CXX_LIBRARY = "libc++";
				CLANG_ENABLE_MODULES = YES;
				CLANG_ENABLE_OBJC_ARC = YES;
				CLANG_ENABLE_OBJC_WEAK = YES;
				CLANG_WARN_BLOCK_CAPTURE_AUTORELEASING = YES;
				CLANG_WARN_BOOL_CONVERSION = YES;
				CLANG_WARN_COMMA = YES;
				CLANG_WARN_CONSTANT_CONVERSION = YES;
				CLANG_WARN_DEPRECATED_OBJC_IMPLEMENTATIONS = YES;
				CLANG_WARN_DIRECT_OBJC_ISA_USAGE = YES_ERROR;
				CLANG_WARN_DOCUMENTATION_COMMENTS = YES;
				CLANG_WARN_EMPTY_BODY = YES;
				CLANG_WARN_ENUM_CONVERSION = YES;
				CLANG_WARN_INFINITE_RECURSION = YES;
				CLANG_WARN_INT_CONVERSION = YES;
				CLANG_WARN_NON_LITERAL_NULL_CONVERSION = YES;
				CLANG_WARN_OBJC_IMPLICIT_RETAIN_SELF = YES;
				CLANG_WARN_OBJC_LITERAL_CONVERSION = YES;
				CLANG_WARN_OBJC_ROOT_CLASS = YES_ERROR;
				CLANG_WARN_QUOTED_INCLUDE_IN_FRAMEWORK_HEADER = YES;
				CLANG_WARN_RANGE_LOOP_ANALYSIS = YES;
				CLANG_WARN_STRICT_PROTOTYPES = YES;
				CLANG_WARN_SUSPICIOUS_MOVE = YES;
				CLANG_WARN_UNGUARDED_AVAILABILITY = YES_AGGRESSIVE;
				CLANG_WARN_UNREACHABLE_CODE = YES;
				CLANG_WARN__DUPLICATE_METHOD_MATCH = YES;
				COPY_PHASE_STRIP = NO;
				DEBUG_INFORMATION_FORMAT = "dwarf-with-dsym";
				ENABLE_NS_ASSERTIONS = NO;
				ENABLE_STRICT_OBJC_MSGSEND = YES;
				GCC_C_LANGUAGE_STANDARD = gnu11;
				GCC_NO_COMMON_BLOCKS = YES;
				GCC_WARN_64_TO_32_BIT_CONVERSION = YES;
				GCC_WARN_ABOUT_RETURN_TYPE = YES_ERROR;
				GCC_WARN_UNDECLARED_SELECTOR = YES;
				GCC_WARN_UNINITIALIZED_AUTOS = YES_AGGRESSIVE;
				GCC_WARN_UNUSED_FUNCTION = YES;
				GCC_WARN_UNUSED_VARIABLE = YES;
				IPHONEOS_DEPLOYMENT_TARGET = 12.0;
				MTL_ENABLE_DEBUG_INFO = NO;
				MTL_FAST_MATH = YES;
				SDKROOT = iphoneos;
				SWIFT_COMPILATION_MODE = wholemodule;
				SWIFT_OPTIMIZATION_LEVEL = "-O";
				VALIDATE_PRODUCT = YES;
			};
			name = Release;
		};
		BECE6E4C2856FF0D00D5A0A6 /* Debug */ = {
			isa = XCBuildConfiguration;
			buildSettings = {
				ASSETCATALOG_COMPILER_APPICON_NAME = AppIcon;
				ASSETCATALOG_COMPILER_GLOBAL_ACCENT_COLOR_NAME = AccentColor;
				CODE_SIGN_STYLE = Automatic;
				CURRENT_PROJECT_VERSION = 1;
				DEVELOPMENT_TEAM = R5CRVUNLL9;
				GENERATE_INFOPLIST_FILE = YES;
				INFOPLIST_FILE = WordsFactory/Info.plist;
				INFOPLIST_KEY_UIApplicationSupportsIndirectInputEvents = YES;
				INFOPLIST_KEY_UILaunchStoryboardName = LaunchScreen;
				INFOPLIST_KEY_UIMainStoryboardFile = "";
				INFOPLIST_KEY_UISupportedInterfaceOrientations = UIInterfaceOrientationPortrait;
				INFOPLIST_KEY_UISupportedInterfaceOrientations_iPad = "UIInterfaceOrientationPortrait UIInterfaceOrientationPortraitUpsideDown UIInterfaceOrientationLandscapeLeft UIInterfaceOrientationLandscapeRight";
				INFOPLIST_KEY_UISupportedInterfaceOrientations_iPhone = "UIInterfaceOrientationPortrait UIInterfaceOrientationLandscapeLeft UIInterfaceOrientationLandscapeRight";
				LD_RUNPATH_SEARCH_PATHS = (
					"$(inherited)",
					"@executable_path/Frameworks",
				);
				MARKETING_VERSION = 1.0;
				PRODUCT_BUNDLE_IDENTIFIER = team1.WordsFactory;
				PRODUCT_NAME = "$(TARGET_NAME)";
				SWIFT_EMIT_LOC_STRINGS = YES;
				SWIFT_VERSION = 5.0;
				TARGETED_DEVICE_FAMILY = "1,2";
			};
			name = Debug;
		};
		BECE6E4D2856FF0D00D5A0A6 /* Release */ = {
			isa = XCBuildConfiguration;
			buildSettings = {
				ASSETCATALOG_COMPILER_APPICON_NAME = AppIcon;
				ASSETCATALOG_COMPILER_GLOBAL_ACCENT_COLOR_NAME = AccentColor;
				CODE_SIGN_STYLE = Automatic;
				CURRENT_PROJECT_VERSION = 1;
				DEVELOPMENT_TEAM = R5CRVUNLL9;
				GENERATE_INFOPLIST_FILE = YES;
				INFOPLIST_FILE = WordsFactory/Info.plist;
				INFOPLIST_KEY_UIApplicationSupportsIndirectInputEvents = YES;
				INFOPLIST_KEY_UILaunchStoryboardName = LaunchScreen;
				INFOPLIST_KEY_UIMainStoryboardFile = "";
				INFOPLIST_KEY_UISupportedInterfaceOrientations = UIInterfaceOrientationPortrait;
				INFOPLIST_KEY_UISupportedInterfaceOrientations_iPad = "UIInterfaceOrientationPortrait UIInterfaceOrientationPortraitUpsideDown UIInterfaceOrientationLandscapeLeft UIInterfaceOrientationLandscapeRight";
				INFOPLIST_KEY_UISupportedInterfaceOrientations_iPhone = "UIInterfaceOrientationPortrait UIInterfaceOrientationLandscapeLeft UIInterfaceOrientationLandscapeRight";
				LD_RUNPATH_SEARCH_PATHS = (
					"$(inherited)",
					"@executable_path/Frameworks",
				);
				MARKETING_VERSION = 1.0;
				PRODUCT_BUNDLE_IDENTIFIER = team1.WordsFactory;
				PRODUCT_NAME = "$(TARGET_NAME)";
				SWIFT_EMIT_LOC_STRINGS = YES;
				SWIFT_VERSION = 5.0;
				TARGETED_DEVICE_FAMILY = "1,2";
			};
			name = Release;
		};
/* End XCBuildConfiguration section */

/* Begin XCConfigurationList section */
		BECE6E2F2856FF0B00D5A0A6 /* Build configuration list for PBXProject "WordsFactory" */ = {
			isa = XCConfigurationList;
			buildConfigurations = (
				BECE6E492856FF0D00D5A0A6 /* Debug */,
				BECE6E4A2856FF0D00D5A0A6 /* Release */,
			);
			defaultConfigurationIsVisible = 0;
			defaultConfigurationName = Release;
		};
		BECE6E4B2856FF0D00D5A0A6 /* Build configuration list for PBXNativeTarget "WordsFactory" */ = {
			isa = XCConfigurationList;
			buildConfigurations = (
				BECE6E4C2856FF0D00D5A0A6 /* Debug */,
				BECE6E4D2856FF0D00D5A0A6 /* Release */,
			);
			defaultConfigurationIsVisible = 0;
			defaultConfigurationName = Release;
		};
/* End XCConfigurationList section */

/* Begin XCRemoteSwiftPackageReference section */
		BECE6E4E2857024500D5A0A6 /* XCRemoteSwiftPackageReference "SnapKit" */ = {
			isa = XCRemoteSwiftPackageReference;
			repositoryURL = "https://github.com/SnapKit/SnapKit";
			requirement = {
				branch = develop;
				kind = branch;
			};
		};
		BECE6E512857028000D5A0A6 /* XCRemoteSwiftPackageReference "Alamofire" */ = {
			isa = XCRemoteSwiftPackageReference;
			repositoryURL = "https://github.com/Alamofire/Alamofire";
			requirement = {
				kind = upToNextMajorVersion;
				minimumVersion = 5.0.0;
			};
		};
/* End XCRemoteSwiftPackageReference section */

/* Begin XCSwiftPackageProductDependency section */
		BECE6E4F2857024500D5A0A6 /* SnapKit */ = {
			isa = XCSwiftPackageProductDependency;
			package = BECE6E4E2857024500D5A0A6 /* XCRemoteSwiftPackageReference "SnapKit" */;
			productName = SnapKit;
		};
		BECE6E522857028000D5A0A6 /* Alamofire */ = {
			isa = XCSwiftPackageProductDependency;
			package = BECE6E512857028000D5A0A6 /* XCRemoteSwiftPackageReference "Alamofire" */;
			productName = Alamofire;
		};
/* End XCSwiftPackageProductDependency section */

/* Begin XCVersionGroup section */
		BECE6E402856FF0B00D5A0A6 /* WordsFactory.xcdatamodeld */ = {
			isa = XCVersionGroup;
			children = (
				BECE6E412856FF0B00D5A0A6 /* WordsFactory.xcdatamodel */,
			);
			currentVersion = BECE6E412856FF0B00D5A0A6 /* WordsFactory.xcdatamodel */;
			path = WordsFactory.xcdatamodeld;
			sourceTree = "<group>";
			versionGroupType = wrapper.xcdatamodel;
		};
/* End XCVersionGroup section */
	};
	rootObject = BECE6E2C2856FF0B00D5A0A6 /* Project object */;
}
